{
  "name": "response-normalizer",
  "version": "1.0.0",
  "lockfileVersion": 3,
  "requires": true,
  "packages": {
    "": {
      "name": "response-normalizer",
      "version": "1.0.0",
      "license": "MIT",
      "dependencies": {
        "string-utils-ts": "^1.1.10"
      },
      "devDependencies": {
        "typescript": "^5.2.2"
      }
    },
    "node_modules/string-utils-ts": {
      "version": "1.1.10",
      "resolved": "https://registry.npmjs.org/string-utils-ts/-/string-utils-ts-1.1.10.tgz",
      "integrity": "sha512-gDO3xgWRHhElRXFauOpRfUltBIXobZvC3yZsFQ4p84DFmr2xU4pkmMReyD2w9vDoPdI1GsUnqb6siB0WqAk44A=="
    },
    "node_modules/typescript": {
      "version": "5.2.2",
      "resolved": "https://registry.npmjs.org/typescript/-/typescript-5.2.2.tgz",
      "integrity": "sha512-mI4WrpHsbCIcwT9cF4FZvr80QUeKvsUsUvKDoR+X/7XHQH98xYD8YHZg7ANtz2GtZt/CBq2QJ0thkGJMHfqc1w==",
      "dev": true,
      "bin": {
        "tsc": "bin/tsc",
        "tsserver": "bin/tsserver"
      },
      "engines": {
        "node": ">=14.17"
      }
    }
  }
}
